
Microsoft Visual Studio Solution File, Format Version 12.00
# Visual Studio Version 17
VisualStudioVersion = 17.14.36616.10
MinimumVisualStudioVersion = 10.0.40219.1
Project("{FAE04EC0-301F-11D3-BF4B-00C04F79EFBC}") = "MangaMesh.Client", "MangaMesh.Client\MangaMesh.Client.csproj", "{E7857FFA-6047-49C7-85B0-BE8ABAF738E4}"
EndProject
Project("{FAE04EC0-301F-11D3-BF4B-00C04F79EFBC}") = "MangaMesh.Server", "MangaMesh.Server\MangaMesh.Server.csproj", "{FC28926A-3219-4981-89AC-E77920115B19}"
EndProject
Project("{FAE04EC0-301F-11D3-BF4B-00C04F79EFBC}") = "MangaMesh.Shared", "..\..\..\mangamesh-shared\src\MangaMesh.Shared\MangaMesh.Shared\MangaMesh.Shared.csproj", "{261A9ECF-8EEF-ED86-C4E2-456F0587C494}"
EndProject
Project("{FAE04EC0-301F-11D3-BF4B-00C04F79EFBC}") = "MangaMesh.Client.Dht.TestHarness", "MangaMesh.Client.Dht.TestHarness\MangaMesh.Client.Dht.TestHarness.csproj", "{A9D047F9-10A8-4607-A39B-63B727458F6E}"
EndProject
Project("{FAE04EC0-301F-11D3-BF4B-00C04F79EFBC}") = "MangaMesh.Client.Tests", "MangaMesh.Client.Tests\MangaMesh.Client.Tests.csproj", "{203A462E-777D-4142-9142-2F70E786A7B3}"
EndProject
Global
	GlobalSection(SolutionConfigurationPlatforms) = preSolution
		Debug|Any CPU = Debug|Any CPU
		Debug|x64 = Debug|x64
		Debug|x86 = Debug|x86
		Release|Any CPU = Release|Any CPU
		Release|x64 = Release|x64
		Release|x86 = Release|x86
	EndGlobalSection
	GlobalSection(ProjectConfigurationPlatforms) = postSolution
		{E7857FFA-6047-49C7-85B0-BE8ABAF738E4}.Debug|Any CPU.ActiveCfg = Debug|Any CPU
		{E7857FFA-6047-49C7-85B0-BE8ABAF738E4}.Debug|Any CPU.Build.0 = Debug|Any CPU
		{E7857FFA-6047-49C7-85B0-BE8ABAF738E4}.Debug|x64.ActiveCfg = Debug|Any CPU
		{E7857FFA-6047-49C7-85B0-BE8ABAF738E4}.Debug|x64.Build.0 = Debug|Any CPU
		{E7857FFA-6047-49C7-85B0-BE8ABAF738E4}.Debug|x86.ActiveCfg = Debug|Any CPU
		{E7857FFA-6047-49C7-85B0-BE8ABAF738E4}.Debug|x86.Build.0 = Debug|Any CPU
		{E7857FFA-6047-49C7-85B0-BE8ABAF738E4}.Release|Any CPU.ActiveCfg = Release|Any CPU
		{E7857FFA-6047-49C7-85B0-BE8ABAF738E4}.Release|Any CPU.Build.0 = Release|Any CPU
		{E7857FFA-6047-49C7-85B0-BE8ABAF738E4}.Release|x64.ActiveCfg = Release|Any CPU
		{E7857FFA-6047-49C7-85B0-BE8ABAF738E4}.Release|x64.Build.0 = Release|Any CPU
		{E7857FFA-6047-49C7-85B0-BE8ABAF738E4}.Release|x86.ActiveCfg = Release|Any CPU
		{E7857FFA-6047-49C7-85B0-BE8ABAF738E4}.Release|x86.Build.0 = Release|Any CPU
		{FC28926A-3219-4981-89AC-E77920115B19}.Debug|Any CPU.ActiveCfg = Debug|Any CPU
		{FC28926A-3219-4981-89AC-E77920115B19}.Debug|Any CPU.Build.0 = Debug|Any CPU
		{FC28926A-3219-4981-89AC-E77920115B19}.Debug|x64.ActiveCfg = Debug|Any CPU
		{FC28926A-3219-4981-89AC-E77920115B19}.Debug|x64.Build.0 = Debug|Any CPU
		{FC28926A-3219-4981-89AC-E77920115B19}.Debug|x86.ActiveCfg = Debug|Any CPU
		{FC28926A-3219-4981-89AC-E77920115B19}.Debug|x86.Build.0 = Debug|Any CPU
		{FC28926A-3219-4981-89AC-E77920115B19}.Release|Any CPU.ActiveCfg = Release|Any CPU
		{FC28926A-3219-4981-89AC-E77920115B19}.Release|Any CPU.Build.0 = Release|Any CPU
		{FC28926A-3219-4981-89AC-E77920115B19}.Release|x64.ActiveCfg = Release|Any CPU
		{FC28926A-3219-4981-89AC-E77920115B19}.Release|x64.Build.0 = Release|Any CPU
		{FC28926A-3219-4981-89AC-E77920115B19}.Release|x86.ActiveCfg = Release|Any CPU
		{FC28926A-3219-4981-89AC-E77920115B19}.Release|x86.Build.0 = Release|Any CPU
		{261A9ECF-8EEF-ED86-C4E2-456F0587C494}.Debug|Any CPU.ActiveCfg = Debug|Any CPU
		{261A9ECF-8EEF-ED86-C4E2-456F0587C494}.Debug|Any CPU.Build.0 = Debug|Any CPU
		{261A9ECF-8EEF-ED86-C4E2-456F0587C494}.Debug|x64.ActiveCfg = Debug|Any CPU
		{261A9ECF-8EEF-ED86-C4E2-456F0587C494}.Debug|x64.Build.0 = Debug|Any CPU
		{261A9ECF-8EEF-ED86-C4E2-456F0587C494}.Debug|x86.ActiveCfg = Debug|Any CPU
		{261A9ECF-8EEF-ED86-C4E2-456F0587C494}.Debug|x86.Build.0 = Debug|Any CPU
		{261A9ECF-8EEF-ED86-C4E2-456F0587C494}.Release|Any CPU.ActiveCfg = Release|Any CPU
		{261A9ECF-8EEF-ED86-C4E2-456F0587C494}.Release|Any CPU.Build.0 = Release|Any CPU
		{261A9ECF-8EEF-ED86-C4E2-456F0587C494}.Release|x64.ActiveCfg = Release|Any CPU
		{261A9ECF-8EEF-ED86-C4E2-456F0587C494}.Release|x64.Build.0 = Release|Any CPU
		{261A9ECF-8EEF-ED86-C4E2-456F0587C494}.Release|x86.ActiveCfg = Release|Any CPU
		{261A9ECF-8EEF-ED86-C4E2-456F0587C494}.Release|x86.Build.0 = Release|Any CPU
		{A9D047F9-10A8-4607-A39B-63B727458F6E}.Debug|Any CPU.ActiveCfg = Debug|Any CPU
		{A9D047F9-10A8-4607-A39B-63B727458F6E}.Debug|Any CPU.Build.0 = Debug|Any CPU
		{A9D047F9-10A8-4607-A39B-63B727458F6E}.Debug|x64.ActiveCfg = Debug|Any CPU
		{A9D047F9-10A8-4607-A39B-63B727458F6E}.Debug|x64.Build.0 = Debug|Any CPU
		{A9D047F9-10A8-4607-A39B-63B727458F6E}.Debug|x86.ActiveCfg = Debug|Any CPU
		{A9D047F9-10A8-4607-A39B-63B727458F6E}.Debug|x86.Build.0 = Debug|Any CPU
		{A9D047F9-10A8-4607-A39B-63B727458F6E}.Release|Any CPU.ActiveCfg = Release|Any CPU
		{A9D047F9-10A8-4607-A39B-63B727458F6E}.Release|Any CPU.Build.0 = Release|Any CPU
		{A9D047F9-10A8-4607-A39B-63B727458F6E}.Release|x64.ActiveCfg = Release|Any CPU
		{A9D047F9-10A8-4607-A39B-63B727458F6E}.Release|x64.Build.0 = Release|Any CPU
		{A9D047F9-10A8-4607-A39B-63B727458F6E}.Release|x86.ActiveCfg = Release|Any CPU
		{A9D047F9-10A8-4607-A39B-63B727458F6E}.Release|x86.Build.0 = Release|Any CPU
		{203A462E-777D-4142-9142-2F70E786A7B3}.Debug|Any CPU.ActiveCfg = Debug|Any CPU
		{203A462E-777D-4142-9142-2F70E786A7B3}.Debug|Any CPU.Build.0 = Debug|Any CPU
		{203A462E-777D-4142-9142-2F70E786A7B3}.Debug|x64.ActiveCfg = Debug|Any CPU
		{203A462E-777D-4142-9142-2F70E786A7B3}.Debug|x64.Build.0 = Debug|Any CPU
		{203A462E-777D-4142-9142-2F70E786A7B3}.Debug|x86.ActiveCfg = Debug|Any CPU
		{203A462E-777D-4142-9142-2F70E786A7B3}.Debug|x86.Build.0 = Debug|Any CPU
		{203A462E-777D-4142-9142-2F70E786A7B3}.Release|Any CPU.ActiveCfg = Release|Any CPU
		{203A462E-777D-4142-9142-2F70E786A7B3}.Release|Any CPU.Build.0 = Release|Any CPU
		{203A462E-777D-4142-9142-2F70E786A7B3}.Release|x64.ActiveCfg = Release|Any CPU
		{203A462E-777D-4142-9142-2F70E786A7B3}.Release|x64.Build.0 = Release|Any CPU
		{203A462E-777D-4142-9142-2F70E786A7B3}.Release|x86.ActiveCfg = Release|Any CPU
		{203A462E-777D-4142-9142-2F70E786A7B3}.Release|x86.Build.0 = Release|Any CPU
	EndGlobalSection
	GlobalSection(SolutionProperties) = preSolution
		HideSolutionNode = FALSE
	EndGlobalSection
	GlobalSection(ExtensibilityGlobals) = postSolution
		SolutionGuid = {0B0A940C-0DF5-41B4-BA8C-B8FA5F46594E}
	EndGlobalSection
EndGlobal
